{
  "nodes": {
    "agenix": {
      "inputs": {
        "darwin": "darwin",
        "home-manager": "home-manager",
        "nixpkgs": [
          "nixpkgs"
        ],
        "systems": "systems"
      },
      "locked": {
        "lastModified": 1718371084,
        "narHash": "sha256-abpBi61mg0g+lFFU0zY4C6oP6fBwPzbHPKBGw676xsA=",
        "owner": "ryantm",
        "repo": "agenix",
        "rev": "3a56735779db467538fb2e577eda28a9daacaca6",
        "type": "github"
      },
      "original": {
        "owner": "ryantm",
        "repo": "agenix",
        "type": "github"
      }
    },
    "buildbot-nix": {
      "inputs": {
        "flake-parts": [
          "flake-parts"
        ],
        "nixpkgs": [
          "nixpkgs"
        ],
        "treefmt-nix": "treefmt-nix"
      },
      "locked": {
        "lastModified": 1718375731,
        "narHash": "sha256-MVqCNAFFcN9dEFAYTMAceKRR+EM9hbLUHucTqYVbMEI=",
        "owner": "Mic92",
        "repo": "buildbot-nix",
        "rev": "1912618053b88f0f27cda8d93ec7826765cb4d77",
        "type": "github"
      },
      "original": {
        "owner": "Mic92",
        "repo": "buildbot-nix",
        "type": "github"
      }
    },
    "darwin": {
      "inputs": {
        "nixpkgs": [
          "agenix",
          "nixpkgs"
        ]
      },
      "locked": {
        "lastModified": 1700795494,
        "narHash": "sha256-gzGLZSiOhf155FW7262kdHo2YDeugp3VuIFb4/GGng0=",
        "owner": "lnl7",
        "repo": "nix-darwin",
        "rev": "4b9b83d5a92e8c1fbfd8eb27eda375908c11ec4d",
        "type": "github"
      },
      "original": {
        "owner": "lnl7",
        "ref": "master",
        "repo": "nix-darwin",
        "type": "github"
      }
    },
    "flake-checks": {
      "locked": {
        "lastModified": 1716193450,
        "narHash": "sha256-wIbyIQRoLAfGe2v8W7LM6zEZ9Oy0jKuUX0HMUCLQJsM=",
        "owner": "getchoo",
        "repo": "flake-checks",
        "rev": "842c3f225677aa55e44b94342f19c8f3e6f2be06",
        "type": "github"
      },
      "original": {
        "owner": "getchoo",
        "repo": "flake-checks",
        "type": "github"
      }
    },
    "flake-compat": {
      "flake": false,
      "locked": {
        "lastModified": 1696426674,
        "narHash": "sha256-kvjfFW7WAETZlt09AgDn1MrtKzP7t90Vf7vypd3OL1U=",
        "owner": "edolstra",
        "repo": "flake-compat",
        "rev": "0f9255e01c2351cc7d116c072cb317785dd33b33",
        "type": "github"
      },
      "original": {
        "owner": "edolstra",
        "repo": "flake-compat",
        "type": "github"
      }
    },
    "flake-compat_2": {
      "flake": false,
      "locked": {
        "lastModified": 1673956053,
        "narHash": "sha256-4gtG9iQuiKITOjNQQeQIpoIB6b16fm+504Ch3sNKLd8=",
        "owner": "edolstra",
        "repo": "flake-compat",
        "rev": "35bb57c0c8d8b62bbfd284272c928ceb64ddbde9",
        "type": "github"
      },
      "original": {
        "owner": "edolstra",
        "repo": "flake-compat",
        "type": "github"
      }
    },
    "flake-parts": {
      "inputs": {
        "nixpkgs-lib": [
          "nixpkgs"
        ]
      },
      "locked": {
        "lastModified": 1717285511,
        "narHash": "sha256-iKzJcpdXih14qYVcZ9QC9XuZYnPc6T8YImb6dX166kw=",
        "owner": "hercules-ci",
        "repo": "flake-parts",
        "rev": "2a55567fcf15b1b1c7ed712a2c6fadaec7412ea8",
        "type": "github"
      },
      "original": {
        "owner": "hercules-ci",
        "repo": "flake-parts",
        "type": "github"
      }
    },
    "flake-utils": {
      "inputs": {
        "systems": "systems_2"
      },
      "locked": {
        "lastModified": 1681202837,
        "narHash": "sha256-H+Rh19JDwRtpVPAWp64F+rlEtxUWBAQW28eAi3SRSzg=",
        "owner": "numtide",
        "repo": "flake-utils",
        "rev": "cfacdce06f30d2b68473a46042957675eebb3401",
        "type": "github"
      },
      "original": {
        "owner": "numtide",
        "repo": "flake-utils",
        "type": "github"
      }
    },
    "flake-utils_2": {
      "inputs": {
        "systems": "systems_3"
      },
      "locked": {
        "lastModified": 1705309234,
        "narHash": "sha256-uNRRNRKmJyCRC/8y1RqBkqWBLM034y4qN7EprSdmgyA=",
        "owner": "numtide",
        "repo": "flake-utils",
        "rev": "1ef2e671c3b0c19053962c07dbda38332dcebf26",
        "type": "github"
      },
      "original": {
        "owner": "numtide",
        "repo": "flake-utils",
        "type": "github"
      }
    },
    "git-hooks": {
      "inputs": {
        "flake-compat": "flake-compat",
        "gitignore": "gitignore",
        "nixpkgs": [
          "nixpkgs"
        ],
        "nixpkgs-stable": [
          "nixpkgs"
        ]
      },
      "locked": {
        "lastModified": 1717664902,
        "narHash": "sha256-7XfBuLULizXjXfBYy/VV+SpYMHreNRHk9nKMsm1bgb4=",
        "owner": "cachix",
        "repo": "git-hooks.nix",
        "rev": "cc4d466cb1254af050ff7bdf47f6d404a7c646d1",
        "type": "github"
      },
      "original": {
        "owner": "cachix",
        "repo": "git-hooks.nix",
        "type": "github"
      }
    },
    "gitignore": {
      "inputs": {
        "nixpkgs": [
          "git-hooks",
          "nixpkgs"
        ]
      },
      "locked": {
        "lastModified": 1709087332,
        "narHash": "sha256-HG2cCnktfHsKV0s4XW83gU3F57gaTljL9KNSuG6bnQs=",
        "owner": "hercules-ci",
        "repo": "gitignore.nix",
        "rev": "637db329424fd7e46cf4185293b9cc8c88c95394",
        "type": "github"
      },
      "original": {
        "owner": "hercules-ci",
        "repo": "gitignore.nix",
        "type": "github"
      }
    },
    "home-manager": {
      "inputs": {
        "nixpkgs": [
          "agenix",
          "nixpkgs"
        ]
      },
      "locked": {
        "lastModified": 1703113217,
        "narHash": "sha256-7ulcXOk63TIT2lVDSExj7XzFx09LpdSAPtvgtM7yQPE=",
        "owner": "nix-community",
        "repo": "home-manager",
        "rev": "3bfaacf46133c037bb356193bd2f1765d9dc82c1",
        "type": "github"
      },
      "original": {
        "owner": "nix-community",
        "repo": "home-manager",
        "type": "github"
      }
    },
    "honeylinks-website": {
      "inputs": {
        "flake-parts": [
          "flake-parts"
        ],
        "nixpkgs": [
          "nixpkgs"
        ],
        "pre-commit-hooks": [
          "git-hooks"
        ]
      },
      "locked": {
        "lastModified": 1718395323,
        "narHash": "sha256-QL2PM1IBCwMU4aIMQ0IXaE9ObNqlzwOOn+2mdNJq6MA=",
        "ref": "refs/heads/main",
        "rev": "15a79fe1c04a8f483e100a4d74173ded9f620e27",
        "revCount": 178,
        "type": "git",
        "url": "https://codeberg.org/Scrumplex/honeylinks.git"
      },
      "original": {
        "type": "git",
        "url": "https://codeberg.org/Scrumplex/honeylinks.git"
      }
    },
    "nix-filter": {
      "locked": {
        "lastModified": 1710156097,
        "narHash": "sha256-1Wvk8UP7PXdf8bCCaEoMnOT1qe5/Duqgj+rL8sRQsSM=",
        "owner": "numtide",
        "repo": "nix-filter",
        "rev": "3342559a24e85fc164b295c3444e8a139924675b",
        "type": "github"
      },
      "original": {
        "owner": "numtide",
        "repo": "nix-filter",
        "type": "github"
      }
    },
    "nix-minecraft": {
      "inputs": {
        "flake-compat": "flake-compat_2",
        "flake-utils": "flake-utils",
        "nixpkgs": [
          "nixpkgs"
        ]
      },
      "locked": {
        "lastModified": 1718328291,
        "narHash": "sha256-+T30dHQeG7DDOAx7JDVXmQ0VoxNhmH7sP7XSua4Ap84=",
        "owner": "Infinidoge",
        "repo": "nix-minecraft",
        "rev": "47148517641585988aac4d082c5c02c72ac77c49",
        "type": "github"
      },
      "original": {
        "owner": "Infinidoge",
        "repo": "nix-minecraft",
        "type": "github"
      }
    },
    "nixos-hardware": {
      "locked": {
        "lastModified": 1718429294,
        "narHash": "sha256-uhKuPVN8IZJCWwFhNupTxES7LMo8ot2KC6+VmVWwzyU=",
        "owner": "NixOS",
        "repo": "nixos-hardware",
        "rev": "239c3864fef6292262d23cff58ce81674f309142",
        "type": "github"
      },
      "original": {
        "owner": "NixOS",
        "repo": "nixos-hardware",
        "type": "github"
      }
    },
    "nixpkgs": {
      "locked": {
        "lastModified": 1718318537,
        "narHash": "sha256-4Zu0RYRcAY/VWuu6awwq4opuiD//ahpc2aFHg2CWqFY=",
        "owner": "NixOS",
        "repo": "nixpkgs",
        "rev": "e9ee548d90ff586a6471b4ae80ae9cfcbceb3420",
        "type": "github"
      },
      "original": {
        "owner": "NixOS",
        "ref": "nixos-unstable",
        "repo": "nixpkgs",
        "type": "github"
      }
    },
    "prism-meta": {
      "inputs": {
        "flake-parts": [
          "flake-parts"
        ],
        "git-hooks": [
          "git-hooks"
        ],
        "nixpkgs": [
          "nixpkgs"
        ]
      },
      "locked": {
        "lastModified": 1718377185,
        "narHash": "sha256-PgMbtWQn6RNe6OkqBWTaqCiCKkautMenpeMkdUGSwpo=",
        "owner": "PrismLauncher",
        "repo": "meta",
        "rev": "395ca19ee418d535158904f2639f5b4fbe574b52",
        "type": "github"
      },
      "original": {
        "owner": "PrismLauncher",
        "repo": "meta",
        "type": "github"
      }
    },
    "refraction": {
      "inputs": {
        "flake-checks": "flake-checks",
        "nixpkgs": [
          "nixpkgs"
        ],
        "rust-overlay": "rust-overlay"
      },
      "locked": {
        "lastModified": 1718437069,
        "narHash": "sha256-lqmmUxqwuFz6ofs38gJDNTKyO3xGfnOafu5z1oBE8Wk=",
        "owner": "PrismLauncher",
        "repo": "refraction",
        "rev": "eaab42d60c2f395d449be1baa0503741b9f3de78",
        "type": "github"
      },
      "original": {
        "owner": "PrismLauncher",
        "repo": "refraction",
        "type": "github"
      }
    },
    "root": {
      "inputs": {
        "agenix": "agenix",
        "buildbot-nix": "buildbot-nix",
        "flake-parts": "flake-parts",
        "git-hooks": "git-hooks",
        "honeylinks-website": "honeylinks-website",
        "nix-minecraft": "nix-minecraft",
        "nixos-hardware": "nixos-hardware",
        "nixpkgs": "nixpkgs",
        "prism-meta": "prism-meta",
        "refraction": "refraction",
        "scrumplex-website": "scrumplex-website",
        "skinprox": "skinprox",
        "srvos": "srvos"
      }
    },
    "rust-overlay": {
      "inputs": {
        "flake-utils": "flake-utils_2",
        "nixpkgs": [
          "refraction",
          "nixpkgs"
        ]
      },
      "locked": {
        "lastModified": 1718331519,
        "narHash": "sha256-6Ru37wS8uec626nHVIh6hSpCYB7eNc3RPFa2U//bhw4=",
        "owner": "oxalica",
        "repo": "rust-overlay",
        "rev": "419e7fae2731f41dd9b3e34dfe8802be68558b92",
        "type": "github"
      },
      "original": {
        "owner": "oxalica",
        "repo": "rust-overlay",
        "type": "github"
      }
    },
    "scrumplex-website": {
      "inputs": {
        "flake-parts": [
          "flake-parts"
        ],
        "nixpkgs": [
          "nixpkgs"
        ],
        "pre-commit-hooks": [
          "git-hooks"
        ]
      },
      "locked": {
        "lastModified": 1718395547,
        "narHash": "sha256-c9WQ5LCuv8krAs60iK8Pim7PLdWqLmzT/lX5CX4+JR0=",
        "ref": "refs/heads/main",
        "rev": "deb848e9259f1ee7ac0aca8bc2486c1e255be88b",
        "revCount": 742,
        "type": "git",
        "url": "https://codeberg.org/Scrumplex/website.git"
      },
      "original": {
        "type": "git",
        "url": "https://codeberg.org/Scrumplex/website.git"
      }
    },
    "skinprox": {
      "inputs": {
        "flake-parts": [
          "flake-parts"
        ],
        "nix-filter": "nix-filter",
        "nixpkgs": [
          "nixpkgs"
        ],
        "pre-commit-hooks": [
          "git-hooks"
        ]
      },
      "locked": {
        "lastModified": 1718031819,
        "narHash": "sha256-fGVDJTRWpaeDsiCpf/jWHRT5Q+NAIM5Y3xevhgYYI0s=",
        "ref": "refs/heads/main",
        "rev": "ff7f9febf948f5fdcb70c588befc632ea22442a3",
        "revCount": 200,
        "type": "git",
        "url": "https://codeberg.org/Scrumplex/skinprox.git"
      },
      "original": {
        "type": "git",
        "url": "https://codeberg.org/Scrumplex/skinprox.git"
      }
    },
    "srvos": {
      "inputs": {
        "nixpkgs": [
          "nixpkgs"
        ]
      },
      "locked": {
        "lastModified": 1718239576,
        "narHash": "sha256-Afdz9oCQf8VCGXUhI8KxdJg9gc+fepZK//mYsijfhFw=",
        "owner": "nix-community",
        "repo": "srvos",
        "rev": "d6280e5c12c4ddb26f0807387777786c66e4c552",
        "type": "github"
      },
      "original": {
        "owner": "nix-community",
        "repo": "srvos",
        "type": "github"
      }
    },
    "systems": {
      "locked": {
        "lastModified": 1681028828,
        "narHash": "sha256-Vy1rq5AaRuLzOxct8nz4T6wlgyUR7zLU309k9mBC768=",
        "owner": "nix-systems",
        "repo": "default",
        "rev": "da67096a3b9bf56a91d16901293e51ba5b49a27e",
        "type": "github"
      },
      "original": {
        "owner": "nix-systems",
        "repo": "default",
        "type": "github"
      }
    },
    "systems_2": {
      "locked": {
        "lastModified": 1681028828,
        "narHash": "sha256-Vy1rq5AaRuLzOxct8nz4T6wlgyUR7zLU309k9mBC768=",
        "owner": "nix-systems",
        "repo": "default",
        "rev": "da67096a3b9bf56a91d16901293e51ba5b49a27e",
        "type": "github"
      },
      "original": {
        "owner": "nix-systems",
        "repo": "default",
        "type": "github"
      }
    },
    "systems_3": {
      "locked": {
        "lastModified": 1681028828,
        "narHash": "sha256-Vy1rq5AaRuLzOxct8nz4T6wlgyUR7zLU309k9mBC768=",
        "owner": "nix-systems",
        "repo": "default",
        "rev": "da67096a3b9bf56a91d16901293e51ba5b49a27e",
        "type": "github"
      },
      "original": {
        "owner": "nix-systems",
        "repo": "default",
        "type": "github"
      }
    },
    "treefmt-nix": {
      "inputs": {
        "nixpkgs": [
          "buildbot-nix",
          "nixpkgs"
        ]
      },
      "locked": {
        "lastModified": 1718139168,
        "narHash": "sha256-1TZQcdETNdJMcfwwoshVeCjwWfrPtkSQ8y8wFX3it7k=",
        "owner": "numtide",
        "repo": "treefmt-nix",
        "rev": "1cb529bffa880746a1d0ec4e0f5076876af931f1",
        "type": "github"
      },
      "original": {
        "owner": "numtide",
        "repo": "treefmt-nix",
        "type": "github"
      }
    }
  },
  "root": "root",
  "version": 7
}
